
Microsoft Visual Studio Solution File, Format Version 12.00
# Visual Studio Version 16
VisualStudioVersion = 16.0.31729.503
MinimumVisualStudioVersion = 10.0.40219.1
Project("{FAE04EC0-301F-11D3-BF4B-00C04F79EFBC}") = "WindowsFormsApp4_Contacts", "WindowsFormsApp4_Contacts.csproj", "{66407FFE-2788-4221-AB5E-107A51C9D7CD}"
EndProject
Global
	GlobalSection(SolutionConfigurationPlatforms) = preSolution
		Debug|Any CPU = Debug|Any CPU
		Release|Any CPU = Release|Any CPU
	EndGlobalSection
	GlobalSection(ProjectConfigurationPlatforms) = postSolution
		{66407FFE-2788-4221-AB5E-107A51C9D7CD}.Debug|Any CPU.ActiveCfg = Debug|Any CPU
		{66407FFE-2788-4221-AB5E-107A51C9D7CD}.Debug|Any CPU.Build.0 = Debug|Any CPU
		{66407FFE-2788-4221-AB5E-107A51C9D7CD}.Release|Any CPU.ActiveCfg = Release|Any CPU
		{66407FFE-2788-4221-AB5E-107A51C9D7CD}.Release|Any CPU.Build.0 = Release|Any CPU
	EndGlobalSection
	GlobalSection(SolutionProperties) = preSolution
		HideSolutionNode = FALSE
	EndGlobalSection
	GlobalSection(ExtensibilityGlobals) = postSolution
		SolutionGuid = {FF626067-54FF-47BA-901C-80193B5EFF6F}
	EndGlobalSection
EndGlobal
